
Microsoft Visual Studio Solution File, Format Version 12.00
# Visual Studio Version 17
VisualStudioVersion = 17.0.31903.59
MinimumVisualStudioVersion = 10.0.40219.1
Project("{2150E333-8FDC-42A3-9474-1A3956D46DE8}") = "src", "src", "{827E0CD3-B72D-47B6-A68D-7590B98EB39B}"
EndProject
Project("{2150E333-8FDC-42A3-9474-1A3956D46DE8}") = "Services", "Services", "{984BB9B3-3FA3-BE33-9484-CAC21695A33C}"
EndProject
Project("{FAE04EC0-301F-11D3-BF4B-00C04F79EFBC}") = "FileProcessor.API", "src\Services\FileProcessor.API\FileProcessor.API.csproj", "{F3A139B5-7EA9-450A-887E-420BE78F5BA5}"
EndProject
Project("{FAE04EC0-301F-11D3-BF4B-00C04F79EFBC}") = "RuleManager.API", "src\Services\RuleManager.API\RuleManager.API.csproj", "{A876BA99-E961-4E5B-8A73-43C29D84B5A6}"
EndProject
Project("{FAE04EC0-301F-11D3-BF4B-00C04F79EFBC}") = "Lookup.API", "src\Services\Lookup.API\Lookup.API.csproj", "{31B09B6B-D055-407E-B00B-F8A70C6FA521}"
EndProject
Project("{2150E333-8FDC-42A3-9474-1A3956D46DE8}") = "BuildingBlocks", "BuildingBlocks", "{90298CBA-BD6F-3A0A-69D5-97CAD7B05E7E}"
EndProject
Project("{FAE04EC0-301F-11D3-BF4B-00C04F79EFBC}") = "SharedKernel", "src\BuildingBlocks\SharedKernel\SharedKernel.csproj", "{88D51A71-735B-4B88-ACEF-048C96E5BA2B}"
EndProject
Project("{FAE04EC0-301F-11D3-BF4B-00C04F79EFBC}") = "IntegrationEvents", "src\BuildingBlocks\IntegrationEvents\IntegrationEvents.csproj", "{11182E7E-A45B-455D-A440-1242DA90C61F}"
EndProject
Global
	GlobalSection(SolutionConfigurationPlatforms) = preSolution
		Debug|Any CPU = Debug|Any CPU
		Debug|x64 = Debug|x64
		Debug|x86 = Debug|x86
		Release|Any CPU = Release|Any CPU
		Release|x64 = Release|x64
		Release|x86 = Release|x86
	EndGlobalSection
	GlobalSection(ProjectConfigurationPlatforms) = postSolution
		{F3A139B5-7EA9-450A-887E-420BE78F5BA5}.Debug|Any CPU.ActiveCfg = Debug|Any CPU
		{F3A139B5-7EA9-450A-887E-420BE78F5BA5}.Debug|Any CPU.Build.0 = Debug|Any CPU
		{F3A139B5-7EA9-450A-887E-420BE78F5BA5}.Debug|x64.ActiveCfg = Debug|Any CPU
		{F3A139B5-7EA9-450A-887E-420BE78F5BA5}.Debug|x64.Build.0 = Debug|Any CPU
		{F3A139B5-7EA9-450A-887E-420BE78F5BA5}.Debug|x86.ActiveCfg = Debug|Any CPU
		{F3A139B5-7EA9-450A-887E-420BE78F5BA5}.Debug|x86.Build.0 = Debug|Any CPU
		{F3A139B5-7EA9-450A-887E-420BE78F5BA5}.Release|Any CPU.ActiveCfg = Release|Any CPU
		{F3A139B5-7EA9-450A-887E-420BE78F5BA5}.Release|Any CPU.Build.0 = Release|Any CPU
		{F3A139B5-7EA9-450A-887E-420BE78F5BA5}.Release|x64.ActiveCfg = Release|Any CPU
		{F3A139B5-7EA9-450A-887E-420BE78F5BA5}.Release|x64.Build.0 = Release|Any CPU
		{F3A139B5-7EA9-450A-887E-420BE78F5BA5}.Release|x86.ActiveCfg = Release|Any CPU
		{F3A139B5-7EA9-450A-887E-420BE78F5BA5}.Release|x86.Build.0 = Release|Any CPU
		{A876BA99-E961-4E5B-8A73-43C29D84B5A6}.Debug|Any CPU.ActiveCfg = Debug|Any CPU
		{A876BA99-E961-4E5B-8A73-43C29D84B5A6}.Debug|Any CPU.Build.0 = Debug|Any CPU
		{A876BA99-E961-4E5B-8A73-43C29D84B5A6}.Debug|x64.ActiveCfg = Debug|Any CPU
		{A876BA99-E961-4E5B-8A73-43C29D84B5A6}.Debug|x64.Build.0 = Debug|Any CPU
		{A876BA99-E961-4E5B-8A73-43C29D84B5A6}.Debug|x86.ActiveCfg = Debug|Any CPU
		{A876BA99-E961-4E5B-8A73-43C29D84B5A6}.Debug|x86.Build.0 = Debug|Any CPU
		{A876BA99-E961-4E5B-8A73-43C29D84B5A6}.Release|Any CPU.ActiveCfg = Release|Any CPU
		{A876BA99-E961-4E5B-8A73-43C29D84B5A6}.Release|Any CPU.Build.0 = Release|Any CPU
		{A876BA99-E961-4E5B-8A73-43C29D84B5A6}.Release|x64.ActiveCfg = Release|Any CPU
		{A876BA99-E961-4E5B-8A73-43C29D84B5A6}.Release|x64.Build.0 = Release|Any CPU
		{A876BA99-E961-4E5B-8A73-43C29D84B5A6}.Release|x86.ActiveCfg = Release|Any CPU
		{A876BA99-E961-4E5B-8A73-43C29D84B5A6}.Release|x86.Build.0 = Release|Any CPU
		{31B09B6B-D055-407E-B00B-F8A70C6FA521}.Debug|Any CPU.ActiveCfg = Debug|Any CPU
		{31B09B6B-D055-407E-B00B-F8A70C6FA521}.Debug|Any CPU.Build.0 = Debug|Any CPU
		{31B09B6B-D055-407E-B00B-F8A70C6FA521}.Debug|x64.ActiveCfg = Debug|Any CPU
		{31B09B6B-D055-407E-B00B-F8A70C6FA521}.Debug|x64.Build.0 = Debug|Any CPU
		{31B09B6B-D055-407E-B00B-F8A70C6FA521}.Debug|x86.ActiveCfg = Debug|Any CPU
		{31B09B6B-D055-407E-B00B-F8A70C6FA521}.Debug|x86.Build.0 = Debug|Any CPU
		{31B09B6B-D055-407E-B00B-F8A70C6FA521}.Release|Any CPU.ActiveCfg = Release|Any CPU
		{31B09B6B-D055-407E-B00B-F8A70C6FA521}.Release|Any CPU.Build.0 = Release|Any CPU
		{31B09B6B-D055-407E-B00B-F8A70C6FA521}.Release|x64.ActiveCfg = Release|Any CPU
		{31B09B6B-D055-407E-B00B-F8A70C6FA521}.Release|x64.Build.0 = Release|Any CPU
		{31B09B6B-D055-407E-B00B-F8A70C6FA521}.Release|x86.ActiveCfg = Release|Any CPU
		{31B09B6B-D055-407E-B00B-F8A70C6FA521}.Release|x86.Build.0 = Release|Any CPU
		{88D51A71-735B-4B88-ACEF-048C96E5BA2B}.Debug|Any CPU.ActiveCfg = Debug|Any CPU
		{88D51A71-735B-4B88-ACEF-048C96E5BA2B}.Debug|Any CPU.Build.0 = Debug|Any CPU
		{88D51A71-735B-4B88-ACEF-048C96E5BA2B}.Debug|x64.ActiveCfg = Debug|Any CPU
		{88D51A71-735B-4B88-ACEF-048C96E5BA2B}.Debug|x64.Build.0 = Debug|Any CPU
		{88D51A71-735B-4B88-ACEF-048C96E5BA2B}.Debug|x86.ActiveCfg = Debug|Any CPU
		{88D51A71-735B-4B88-ACEF-048C96E5BA2B}.Debug|x86.Build.0 = Debug|Any CPU
		{88D51A71-735B-4B88-ACEF-048C96E5BA2B}.Release|Any CPU.ActiveCfg = Release|Any CPU
		{88D51A71-735B-4B88-ACEF-048C96E5BA2B}.Release|Any CPU.Build.0 = Release|Any CPU
		{88D51A71-735B-4B88-ACEF-048C96E5BA2B}.Release|x64.ActiveCfg = Release|Any CPU
		{88D51A71-735B-4B88-ACEF-048C96E5BA2B}.Release|x64.Build.0 = Release|Any CPU
		{88D51A71-735B-4B88-ACEF-048C96E5BA2B}.Release|x86.ActiveCfg = Release|Any CPU
		{88D51A71-735B-4B88-ACEF-048C96E5BA2B}.Release|x86.Build.0 = Release|Any CPU
		{11182E7E-A45B-455D-A440-1242DA90C61F}.Debug|Any CPU.ActiveCfg = Debug|Any CPU
		{11182E7E-A45B-455D-A440-1242DA90C61F}.Debug|Any CPU.Build.0 = Debug|Any CPU
		{11182E7E-A45B-455D-A440-1242DA90C61F}.Debug|x64.ActiveCfg = Debug|Any CPU
		{11182E7E-A45B-455D-A440-1242DA90C61F}.Debug|x64.Build.0 = Debug|Any CPU
		{11182E7E-A45B-455D-A440-1242DA90C61F}.Debug|x86.ActiveCfg = Debug|Any CPU
		{11182E7E-A45B-455D-A440-1242DA90C61F}.Debug|x86.Build.0 = Debug|Any CPU
		{11182E7E-A45B-455D-A440-1242DA90C61F}.Release|Any CPU.ActiveCfg = Release|Any CPU
		{11182E7E-A45B-455D-A440-1242DA90C61F}.Release|Any CPU.Build.0 = Release|Any CPU
		{11182E7E-A45B-455D-A440-1242DA90C61F}.Release|x64.ActiveCfg = Release|Any CPU
		{11182E7E-A45B-455D-A440-1242DA90C61F}.Release|x64.Build.0 = Release|Any CPU
		{11182E7E-A45B-455D-A440-1242DA90C61F}.Release|x86.ActiveCfg = Release|Any CPU
		{11182E7E-A45B-455D-A440-1242DA90C61F}.Release|x86.Build.0 = Release|Any CPU
	EndGlobalSection
	GlobalSection(SolutionProperties) = preSolution
		HideSolutionNode = FALSE
	EndGlobalSection
	GlobalSection(NestedProjects) = preSolution
		{984BB9B3-3FA3-BE33-9484-CAC21695A33C} = {827E0CD3-B72D-47B6-A68D-7590B98EB39B}
		{F3A139B5-7EA9-450A-887E-420BE78F5BA5} = {984BB9B3-3FA3-BE33-9484-CAC21695A33C}
		{A876BA99-E961-4E5B-8A73-43C29D84B5A6} = {984BB9B3-3FA3-BE33-9484-CAC21695A33C}
		{31B09B6B-D055-407E-B00B-F8A70C6FA521} = {984BB9B3-3FA3-BE33-9484-CAC21695A33C}
		{90298CBA-BD6F-3A0A-69D5-97CAD7B05E7E} = {827E0CD3-B72D-47B6-A68D-7590B98EB39B}
		{88D51A71-735B-4B88-ACEF-048C96E5BA2B} = {90298CBA-BD6F-3A0A-69D5-97CAD7B05E7E}
		{11182E7E-A45B-455D-A440-1242DA90C61F} = {90298CBA-BD6F-3A0A-69D5-97CAD7B05E7E}
	EndGlobalSection
EndGlobal
